
Microsoft Visual Studio Solution File, Format Version 11.00
# Visual C++ Express 2010
Project("{8BC9CEB8-8B4A-11D0-8D11-00A0C91BC942}") = "partB", "partB\partB.vcxproj", "{928CCECA-AE1B-403E-B26C-75DB8A0EC592}"
EndProject
Global
	GlobalSection(SolutionConfigurationPlatforms) = preSolution
		Debug|Win32 = Debug|Win32
		Release|Win32 = Release|Win32
	EndGlobalSection
	GlobalSection(ProjectConfigurationPlatforms) = postSolution
		{928CCECA-AE1B-403E-B26C-75DB8A0EC592}.Debug|Win32.ActiveCfg = Debug|Win32
		{928CCECA-AE1B-403E-B26C-75DB8A0EC592}.Debug|Win32.Build.0 = Debug|Win32
		{928CCECA-AE1B-403E-B26C-75DB8A0EC592}.Release|Win32.ActiveCfg = Release|Win32
		{928CCECA-AE1B-403E-B26C-75DB8A0EC592}.Release|Win32.Build.0 = Release|Win32
	EndGlobalSection
	GlobalSection(SolutionProperties) = preSolution
		HideSolutionNode = FALSE
	EndGlobalSection
EndGlobal
